
Microsoft Visual Studio Solution File, Format Version 12.00
# Visual Studio Version 17
VisualStudioVersion = 17.8.34525.116
MinimumVisualStudioVersion = 10.0.40219.1
Project("{2150E333-8FDC-42A3-9474-1A3956D46DE8}") = "Services", "Services", "{AEEA2803-3F45-4368-A125-589716D91704}"
EndProject
Project("{2150E333-8FDC-42A3-9474-1A3956D46DE8}") = "Catalog", "Catalog", "{78221718-0699-468E-87E5-B04395C4FFF4}"
EndProject
Project("{9A19103F-16F7-4668-BE54-9A1E7A4F7556}") = "MultiShop.Catalog", "Services\Catalog\MultiShop.Catalog\MultiShop.Catalog.csproj", "{B731FD5C-735E-427E-9696-83CBC12ED692}"
EndProject
Project("{2150E333-8FDC-42A3-9474-1A3956D46DE8}") = "Discount", "Discount", "{01CB1C8B-9E40-46BC-BC1E-755D942182B1}"
EndProject
Project("{9A19103F-16F7-4668-BE54-9A1E7A4F7556}") = "MultiShop.Discount", "Services\Discount\MultiShop.Discount\MultiShop.Discount.csproj", "{62502D79-9518-49BF-A3D1-5AB84A19A453}"
EndProject
Project("{2150E333-8FDC-42A3-9474-1A3956D46DE8}") = "Order", "Order", "{6B538247-C4A6-4592-BAC7-E5425D4C0587}"
EndProject
Project("{2150E333-8FDC-42A3-9474-1A3956D46DE8}") = "Core", "Core", "{35053086-6C8A-434F-A840-3FBC673D2A23}"
EndProject
Project("{2150E333-8FDC-42A3-9474-1A3956D46DE8}") = "Infrastructure", "Infrastructure", "{A10F734E-20DE-4A6E-A0B6-73ABEBFD43BE}"
EndProject
Project("{2150E333-8FDC-42A3-9474-1A3956D46DE8}") = "Presentation", "Presentation", "{1AE86614-7BAA-4365-A127-DF302D46BC8E}"
EndProject
Project("{9A19103F-16F7-4668-BE54-9A1E7A4F7556}") = "MultiShop.Order.Domain", "Services\Order\Core\MultiShop.Order.Domain\MultiShop.Order.Domain.csproj", "{86755734-E26F-4FE8-9DA0-B458B05E8A7E}"
EndProject
Project("{9A19103F-16F7-4668-BE54-9A1E7A4F7556}") = "MultiShop.Order.Application", "Services\Order\Core\MultiShop.Order.Application\MultiShop.Order.Application.csproj", "{9435AC93-15D7-4F4D-81CC-2328C2617CC2}"
EndProject
Project("{9A19103F-16F7-4668-BE54-9A1E7A4F7556}") = "MultiShop.Order.Persistence", "Services\Order\Infrastructure\MultiShop.Order.Persistence\MultiShop.Order.Persistence.csproj", "{171793CE-949B-4F11-A09E-6A243FF48913}"
EndProject
Project("{9A19103F-16F7-4668-BE54-9A1E7A4F7556}") = "MultiShop.Order.WebApi", "Services\Order\Presentation\MultiShop.Order.WebApi\MultiShop.Order.WebApi.csproj", "{E53FB1A5-DF81-404D-8065-4AEFC22FBF31}"
EndProject
Project("{2150E333-8FDC-42A3-9474-1A3956D46DE8}") = "IdentityServer", "IdentityServer", "{2FDAA7FB-B9CE-45EF-809A-6E3F37201875}"
EndProject
Project("{9A19103F-16F7-4668-BE54-9A1E7A4F7556}") = "MultiShop.IdentityServer", "IdentityServer\MultiShop.IdentityServer\MultiShop.IdentityServer.csproj", "{201F51C2-A18E-465C-B156-36850398FAEE}"
EndProject
Project("{2150E333-8FDC-42A3-9474-1A3956D46DE8}") = "Cargo", "Cargo", "{45CD281A-1C0D-407E-9916-B6241DD42E1D}"
EndProject
Project("{FAE04EC0-301F-11D3-BF4B-00C04F79EFBC}") = "MultiShop.Cargo.EntityLayer", "Services\Cargo\MultiShop.Cargo.EntityLayer\MultiShop.Cargo.EntityLayer.csproj", "{49A7BED6-3640-4933-80A1-BF8C5464912A}"
EndProject
Project("{FAE04EC0-301F-11D3-BF4B-00C04F79EFBC}") = "MultiShop.Cargo.BusinessLayer", "Services\Cargo\MultiShop.Cargo.BusinessLayer\MultiShop.Cargo.BusinessLayer.csproj", "{F4496DAD-74A0-43AA-9549-E324F177A433}"
EndProject
Project("{FAE04EC0-301F-11D3-BF4B-00C04F79EFBC}") = "MultiShop.Cargo.DataAccessLayer", "Services\Cargo\MultiShop.Cargo.DataAccessLayer\MultiShop.Cargo.DataAccessLayer.csproj", "{C749A5B2-3ECB-46F7-9AEE-5DA9AFD1779D}"
EndProject
Project("{FAE04EC0-301F-11D3-BF4B-00C04F79EFBC}") = "MultiShop.Cargo.DtoLayer", "Services\Cargo\MultiShop.Cargo.DtoLayer\MultiShop.Cargo.DtoLayer.csproj", "{B36E7976-ADC9-4ECE-9597-5E6F6B438FA2}"
EndProject
Project("{FAE04EC0-301F-11D3-BF4B-00C04F79EFBC}") = "MultiShop.Cargo.WebApi", "Services\Cargo\MultiShop.Cargo.WebApi\MultiShop.Cargo.WebApi.csproj", "{455A4989-67E1-4048-9F62-1D27949FEE8C}"
EndProject
Global
	GlobalSection(SolutionConfigurationPlatforms) = preSolution
		Debug|Any CPU = Debug|Any CPU
		Release|Any CPU = Release|Any CPU
	EndGlobalSection
	GlobalSection(ProjectConfigurationPlatforms) = postSolution
		{B731FD5C-735E-427E-9696-83CBC12ED692}.Debug|Any CPU.ActiveCfg = Debug|Any CPU
		{B731FD5C-735E-427E-9696-83CBC12ED692}.Debug|Any CPU.Build.0 = Debug|Any CPU
		{B731FD5C-735E-427E-9696-83CBC12ED692}.Release|Any CPU.ActiveCfg = Release|Any CPU
		{B731FD5C-735E-427E-9696-83CBC12ED692}.Release|Any CPU.Build.0 = Release|Any CPU
		{62502D79-9518-49BF-A3D1-5AB84A19A453}.Debug|Any CPU.ActiveCfg = Debug|Any CPU
		{62502D79-9518-49BF-A3D1-5AB84A19A453}.Debug|Any CPU.Build.0 = Debug|Any CPU
		{62502D79-9518-49BF-A3D1-5AB84A19A453}.Release|Any CPU.ActiveCfg = Release|Any CPU
		{62502D79-9518-49BF-A3D1-5AB84A19A453}.Release|Any CPU.Build.0 = Release|Any CPU
		{86755734-E26F-4FE8-9DA0-B458B05E8A7E}.Debug|Any CPU.ActiveCfg = Debug|Any CPU
		{86755734-E26F-4FE8-9DA0-B458B05E8A7E}.Debug|Any CPU.Build.0 = Debug|Any CPU
		{86755734-E26F-4FE8-9DA0-B458B05E8A7E}.Release|Any CPU.ActiveCfg = Release|Any CPU
		{86755734-E26F-4FE8-9DA0-B458B05E8A7E}.Release|Any CPU.Build.0 = Release|Any CPU
		{9435AC93-15D7-4F4D-81CC-2328C2617CC2}.Debug|Any CPU.ActiveCfg = Debug|Any CPU
		{9435AC93-15D7-4F4D-81CC-2328C2617CC2}.Debug|Any CPU.Build.0 = Debug|Any CPU
		{9435AC93-15D7-4F4D-81CC-2328C2617CC2}.Release|Any CPU.ActiveCfg = Release|Any CPU
		{9435AC93-15D7-4F4D-81CC-2328C2617CC2}.Release|Any CPU.Build.0 = Release|Any CPU
		{171793CE-949B-4F11-A09E-6A243FF48913}.Debug|Any CPU.ActiveCfg = Debug|Any CPU
		{171793CE-949B-4F11-A09E-6A243FF48913}.Debug|Any CPU.Build.0 = Debug|Any CPU
		{171793CE-949B-4F11-A09E-6A243FF48913}.Release|Any CPU.ActiveCfg = Release|Any CPU
		{171793CE-949B-4F11-A09E-6A243FF48913}.Release|Any CPU.Build.0 = Release|Any CPU
		{E53FB1A5-DF81-404D-8065-4AEFC22FBF31}.Debug|Any CPU.ActiveCfg = Debug|Any CPU
		{E53FB1A5-DF81-404D-8065-4AEFC22FBF31}.Debug|Any CPU.Build.0 = Debug|Any CPU
		{E53FB1A5-DF81-404D-8065-4AEFC22FBF31}.Release|Any CPU.ActiveCfg = Release|Any CPU
		{E53FB1A5-DF81-404D-8065-4AEFC22FBF31}.Release|Any CPU.Build.0 = Release|Any CPU
		{201F51C2-A18E-465C-B156-36850398FAEE}.Debug|Any CPU.ActiveCfg = Debug|Any CPU
		{201F51C2-A18E-465C-B156-36850398FAEE}.Debug|Any CPU.Build.0 = Debug|Any CPU
		{201F51C2-A18E-465C-B156-36850398FAEE}.Release|Any CPU.ActiveCfg = Release|Any CPU
		{201F51C2-A18E-465C-B156-36850398FAEE}.Release|Any CPU.Build.0 = Release|Any CPU
		{49A7BED6-3640-4933-80A1-BF8C5464912A}.Debug|Any CPU.ActiveCfg = Debug|Any CPU
		{49A7BED6-3640-4933-80A1-BF8C5464912A}.Debug|Any CPU.Build.0 = Debug|Any CPU
		{49A7BED6-3640-4933-80A1-BF8C5464912A}.Release|Any CPU.ActiveCfg = Release|Any CPU
		{49A7BED6-3640-4933-80A1-BF8C5464912A}.Release|Any CPU.Build.0 = Release|Any CPU
		{F4496DAD-74A0-43AA-9549-E324F177A433}.Debug|Any CPU.ActiveCfg = Debug|Any CPU
		{F4496DAD-74A0-43AA-9549-E324F177A433}.Debug|Any CPU.Build.0 = Debug|Any CPU
		{F4496DAD-74A0-43AA-9549-E324F177A433}.Release|Any CPU.ActiveCfg = Release|Any CPU
		{F4496DAD-74A0-43AA-9549-E324F177A433}.Release|Any CPU.Build.0 = Release|Any CPU
		{C749A5B2-3ECB-46F7-9AEE-5DA9AFD1779D}.Debug|Any CPU.ActiveCfg = Debug|Any CPU
		{C749A5B2-3ECB-46F7-9AEE-5DA9AFD1779D}.Debug|Any CPU.Build.0 = Debug|Any CPU
		{C749A5B2-3ECB-46F7-9AEE-5DA9AFD1779D}.Release|Any CPU.ActiveCfg = Release|Any CPU
		{C749A5B2-3ECB-46F7-9AEE-5DA9AFD1779D}.Release|Any CPU.Build.0 = Release|Any CPU
		{B36E7976-ADC9-4ECE-9597-5E6F6B438FA2}.Debug|Any CPU.ActiveCfg = Debug|Any CPU
		{B36E7976-ADC9-4ECE-9597-5E6F6B438FA2}.Debug|Any CPU.Build.0 = Debug|Any CPU
		{B36E7976-ADC9-4ECE-9597-5E6F6B438FA2}.Release|Any CPU.ActiveCfg = Release|Any CPU
		{B36E7976-ADC9-4ECE-9597-5E6F6B438FA2}.Release|Any CPU.Build.0 = Release|Any CPU
		{455A4989-67E1-4048-9F62-1D27949FEE8C}.Debug|Any CPU.ActiveCfg = Debug|Any CPU
		{455A4989-67E1-4048-9F62-1D27949FEE8C}.Debug|Any CPU.Build.0 = Debug|Any CPU
		{455A4989-67E1-4048-9F62-1D27949FEE8C}.Release|Any CPU.ActiveCfg = Release|Any CPU
		{455A4989-67E1-4048-9F62-1D27949FEE8C}.Release|Any CPU.Build.0 = Release|Any CPU
	EndGlobalSection
	GlobalSection(SolutionProperties) = preSolution
		HideSolutionNode = FALSE
	EndGlobalSection
	GlobalSection(NestedProjects) = preSolution
		{78221718-0699-468E-87E5-B04395C4FFF4} = {AEEA2803-3F45-4368-A125-589716D91704}
		{B731FD5C-735E-427E-9696-83CBC12ED692} = {78221718-0699-468E-87E5-B04395C4FFF4}
		{01CB1C8B-9E40-46BC-BC1E-755D942182B1} = {AEEA2803-3F45-4368-A125-589716D91704}
		{62502D79-9518-49BF-A3D1-5AB84A19A453} = {01CB1C8B-9E40-46BC-BC1E-755D942182B1}
		{6B538247-C4A6-4592-BAC7-E5425D4C0587} = {AEEA2803-3F45-4368-A125-589716D91704}
		{35053086-6C8A-434F-A840-3FBC673D2A23} = {6B538247-C4A6-4592-BAC7-E5425D4C0587}
		{A10F734E-20DE-4A6E-A0B6-73ABEBFD43BE} = {6B538247-C4A6-4592-BAC7-E5425D4C0587}
		{1AE86614-7BAA-4365-A127-DF302D46BC8E} = {6B538247-C4A6-4592-BAC7-E5425D4C0587}
		{86755734-E26F-4FE8-9DA0-B458B05E8A7E} = {35053086-6C8A-434F-A840-3FBC673D2A23}
		{9435AC93-15D7-4F4D-81CC-2328C2617CC2} = {35053086-6C8A-434F-A840-3FBC673D2A23}
		{171793CE-949B-4F11-A09E-6A243FF48913} = {A10F734E-20DE-4A6E-A0B6-73ABEBFD43BE}
		{E53FB1A5-DF81-404D-8065-4AEFC22FBF31} = {1AE86614-7BAA-4365-A127-DF302D46BC8E}
		{201F51C2-A18E-465C-B156-36850398FAEE} = {2FDAA7FB-B9CE-45EF-809A-6E3F37201875}
		{45CD281A-1C0D-407E-9916-B6241DD42E1D} = {AEEA2803-3F45-4368-A125-589716D91704}
		{49A7BED6-3640-4933-80A1-BF8C5464912A} = {45CD281A-1C0D-407E-9916-B6241DD42E1D}
		{F4496DAD-74A0-43AA-9549-E324F177A433} = {45CD281A-1C0D-407E-9916-B6241DD42E1D}
		{C749A5B2-3ECB-46F7-9AEE-5DA9AFD1779D} = {45CD281A-1C0D-407E-9916-B6241DD42E1D}
		{B36E7976-ADC9-4ECE-9597-5E6F6B438FA2} = {45CD281A-1C0D-407E-9916-B6241DD42E1D}
		{455A4989-67E1-4048-9F62-1D27949FEE8C} = {45CD281A-1C0D-407E-9916-B6241DD42E1D}
	EndGlobalSection
	GlobalSection(ExtensibilityGlobals) = postSolution
		SolutionGuid = {54BCFECB-E4C2-41EC-B203-991A69E2848E}
	EndGlobalSection
EndGlobal
